Microsoft Visual Studio Solution File, Format Version 12.00
# Visual Studio Version 18
VisualStudioVersion = 18.0.11222.15 d18.0
MinimumVisualStudioVersion = 10.0.40219.1
Project("{FAE04EC0-301F-11D3-BF4B-00C04F79EFBC}") = "cardgameonline", "cardgameonline.csproj", "{164F7611-DFE5-4410-8F5E-C4321B4FBB27}"
EndProject
Project("{FAE04EC0-301F-11D3-BF4B-00C04F79EFBC}") = "OhHell.Core", "OhHell.Core\OhHell.Core.csproj", "{B4C97DE0-35E4-4E53-8051-9EDA32C979B0}"
EndProject
Project("{FAE04EC0-301F-11D3-BF4B-00C04F79EFBC}") = "OhHell.Web", "OhHell.Web\OhHell.Web.csproj", "{967E1036-D042-4224-8098-F736B67AAA3C}"
EndProject
Global
	GlobalSection(SolutionConfigurationPlatforms) = preSolution
		Debug|Any CPU = Debug|Any CPU
		Release|Any CPU = Release|Any CPU
	EndGlobalSection
	GlobalSection(ProjectConfigurationPlatforms) = postSolution
		{164F7611-DFE5-4410-8F5E-C4321B4FBB27}.Debug|Any CPU.ActiveCfg = Debug|Any CPU
		{164F7611-DFE5-4410-8F5E-C4321B4FBB27}.Debug|Any CPU.Build.0 = Debug|Any CPU
		{164F7611-DFE5-4410-8F5E-C4321B4FBB27}.Release|Any CPU.ActiveCfg = Release|Any CPU
		{164F7611-DFE5-4410-8F5E-C4321B4FBB27}.Release|Any CPU.Build.0 = Release|Any CPU
		{B4C97DE0-35E4-4E53-8051-9EDA32C979B0}.Debug|Any CPU.ActiveCfg = Debug|Any CPU
		{B4C97DE0-35E4-4E53-8051-9EDA32C979B0}.Debug|Any CPU.Build.0 = Debug|Any CPU
		{B4C97DE0-35E4-4E53-8051-9EDA32C979B0}.Release|Any CPU.ActiveCfg = Release|Any CPU
		{B4C97DE0-35E4-4E53-8051-9EDA32C979B0}.Release|Any CPU.Build.0 = Release|Any CPU
		{967E1036-D042-4224-8098-F736B67AAA3C}.Debug|Any CPU.ActiveCfg = Debug|Any CPU
		{967E1036-D042-4224-8098-F736B67AAA3C}.Debug|Any CPU.Build.0 = Debug|Any CPU
		{967E1036-D042-4224-8098-F736B67AAA3C}.Release|Any CPU.ActiveCfg = Release|Any CPU
		{967E1036-D042-4224-8098-F736B67AAA3C}.Release|Any CPU.Build.0 = Release|Any CPU
	EndGlobalSection
	GlobalSection(SolutionProperties) = preSolution
		HideSolutionNode = FALSE
	EndGlobalSection
EndGlobal
